
Microsoft Visual Studio Solution File, Format Version 12.00
# Visual Studio Version 17
VisualStudioVersion = 17.12.35527.113
MinimumVisualStudioVersion = 10.0.40219.1
Project("{FAE04EC0-301F-11D3-BF4B-00C04F79EFBC}") = "Auth", "Auth\Auth.csproj", "{3FC91ABD-958A-4044-8A6C-678CE990AE40}"
EndProject
Project("{FAE04EC0-301F-11D3-BF4B-00C04F79EFBC}") = "GameHub", "GameHub\GameHub.csproj", "{D4B2C9D2-E29E-4328-921A-3B4D6F6F79B2}"
EndProject
Global
	GlobalSection(SolutionConfigurationPlatforms) = preSolution
		Debug|Any CPU = Debug|Any CPU
		Release|Any CPU = Release|Any CPU
	EndGlobalSection
	GlobalSection(ProjectConfigurationPlatforms) = postSolution
		{3FC91ABD-958A-4044-8A6C-678CE990AE40}.Debug|Any CPU.ActiveCfg = Debug|Any CPU
		{3FC91ABD-958A-4044-8A6C-678CE990AE40}.Debug|Any CPU.Build.0 = Debug|Any CPU
		{3FC91ABD-958A-4044-8A6C-678CE990AE40}.Release|Any CPU.ActiveCfg = Release|Any CPU
		{3FC91ABD-958A-4044-8A6C-678CE990AE40}.Release|Any CPU.Build.0 = Release|Any CPU
		{D4B2C9D2-E29E-4328-921A-3B4D6F6F79B2}.Debug|Any CPU.ActiveCfg = Debug|Any CPU
		{D4B2C9D2-E29E-4328-921A-3B4D6F6F79B2}.Debug|Any CPU.Build.0 = Debug|Any CPU
		{D4B2C9D2-E29E-4328-921A-3B4D6F6F79B2}.Release|Any CPU.ActiveCfg = Release|Any CPU
		{D4B2C9D2-E29E-4328-921A-3B4D6F6F79B2}.Release|Any CPU.Build.0 = Release|Any CPU
	EndGlobalSection
	GlobalSection(SolutionProperties) = preSolution
		HideSolutionNode = FALSE
	EndGlobalSection
EndGlobal
